{
  "name": "create-web-site",
  "version": "1.0.0",
  "lockfileVersion": 2,
  "requires": true,
  "packages": {
    "": {
      "name": "create-web-site",
      "version": "1.0.0",
      "license": "MIT",
      "bin": {
        "create-apache-site": "script/create-apache-site.sh",
        "create-nginx-site": "script/create-nginx-site.sh",
        "create-web-site": "script/create-web-site.sh"
      }
    }
  }
}
